
Microsoft Visual Studio Solution File, Format Version 12.00
# Visual Studio Version 16
VisualStudioVersion = 16.0.28803.352
MinimumVisualStudioVersion = 10.0.40219.1
Project("{9A19103F-16F7-4668-BE54-9A1E7A4F7556}") = "MovieList", "MovieList\MovieList.csproj", "{198E025E-50A8-4A39-AA51-3CC6F9B286D5}"
EndProject
Global
	GlobalSection(SolutionConfigurationPlatforms) = preSolution
		Debug|Any CPU = Debug|Any CPU
		Release|Any CPU = Release|Any CPU
	EndGlobalSection
	GlobalSection(ProjectConfigurationPlatforms) = postSolution
		{198E025E-50A8-4A39-AA51-3CC6F9B286D5}.Debug|Any CPU.ActiveCfg = Debug|Any CPU
		{198E025E-50A8-4A39-AA51-3CC6F9B286D5}.Debug|Any CPU.Build.0 = Debug|Any CPU
		{198E025E-50A8-4A39-AA51-3CC6F9B286D5}.Release|Any CPU.ActiveCfg = Release|Any CPU
		{198E025E-50A8-4A39-AA51-3CC6F9B286D5}.Release|Any CPU.Build.0 = Release|Any CPU
	EndGlobalSection
	GlobalSection(SolutionProperties) = preSolution
		HideSolutionNode = FALSE
	EndGlobalSection
	GlobalSection(ExtensibilityGlobals) = postSolution
		SolutionGuid = {F17CCFD5-D069-4764-8D50-698405ED5D23}
	EndGlobalSection
EndGlobal
